
Microsoft Visual Studio Solution File, Format Version 12.00
# Visual Studio 15
VisualStudioVersion = 15.0.27004.2002
MinimumVisualStudioVersion = 10.0.40219.1
Project("{FAE04EC0-301F-11D3-BF4B-00C04F79EFBC}") = "WebSrv_Tests", "WebSrv_Tests\WebSrv_Tests.csproj", "{2874D952-716E-46DE-BF6F-E5FAFF8D8225}"
EndProject
Project("{FAE04EC0-301F-11D3-BF4B-00C04F79EFBC}") = "NSG.WebSrv", "WebSrv\NSG.WebSrv.csproj", "{5708903A-EC75-4766-9E6C-3DD39A800F37}"
EndProject
Project("{FAE04EC0-301F-11D3-BF4B-00C04F79EFBC}") = "NSG.Library.Helpers", "..\NSG.Library\NSG.Library.Helpers\NSG.Library.Helpers.csproj", "{824450DC-66C8-474A-AFF7-FD7ADC1D684C}"
EndProject
Project("{FAE04EC0-301F-11D3-BF4B-00C04F79EFBC}") = "NSG.Library.Logger", "..\NSG.Library\NSG.Library.Logger\NSG.Library.Logger.csproj", "{A11D69F1-A009-4C41-A19B-BDB621FAD972}"
EndProject
Project("{FAE04EC0-301F-11D3-BF4B-00C04F79EFBC}") = "NSG.Library.EMail", "..\NSG.Library\NSG.Library.EMail\NSG.Library.EMail.csproj", "{FDC60D0F-9EAF-4B98-A98E-7937CBA15667}"
EndProject
Project("{FAE04EC0-301F-11D3-BF4B-00C04F79EFBC}") = "NSG.PrimeNG.LazyLoading", "..\NSG.PrimeNG\NSG.PrimeNG.LazyLoading\NSG.PrimeNG.LazyLoading.csproj", "{4960DFBB-3B05-4789-A5B9-BD75B2C06979}"
EndProject
Global
	GlobalSection(SolutionConfigurationPlatforms) = preSolution
		Debug|Any CPU = Debug|Any CPU
		Release|Any CPU = Release|Any CPU
	EndGlobalSection
	GlobalSection(ProjectConfigurationPlatforms) = postSolution
		{2874D952-716E-46DE-BF6F-E5FAFF8D8225}.Debug|Any CPU.ActiveCfg = Debug|Any CPU
		{2874D952-716E-46DE-BF6F-E5FAFF8D8225}.Debug|Any CPU.Build.0 = Debug|Any CPU
		{2874D952-716E-46DE-BF6F-E5FAFF8D8225}.Release|Any CPU.ActiveCfg = Release|Any CPU
		{2874D952-716E-46DE-BF6F-E5FAFF8D8225}.Release|Any CPU.Build.0 = Release|Any CPU
		{5708903A-EC75-4766-9E6C-3DD39A800F37}.Debug|Any CPU.ActiveCfg = Debug|Any CPU
		{5708903A-EC75-4766-9E6C-3DD39A800F37}.Debug|Any CPU.Build.0 = Debug|Any CPU
		{5708903A-EC75-4766-9E6C-3DD39A800F37}.Release|Any CPU.ActiveCfg = Release|Any CPU
		{5708903A-EC75-4766-9E6C-3DD39A800F37}.Release|Any CPU.Build.0 = Release|Any CPU
		{824450DC-66C8-474A-AFF7-FD7ADC1D684C}.Debug|Any CPU.ActiveCfg = Debug|Any CPU
		{824450DC-66C8-474A-AFF7-FD7ADC1D684C}.Debug|Any CPU.Build.0 = Debug|Any CPU
		{824450DC-66C8-474A-AFF7-FD7ADC1D684C}.Release|Any CPU.ActiveCfg = Release|Any CPU
		{824450DC-66C8-474A-AFF7-FD7ADC1D684C}.Release|Any CPU.Build.0 = Release|Any CPU
		{A11D69F1-A009-4C41-A19B-BDB621FAD972}.Debug|Any CPU.ActiveCfg = Debug|Any CPU
		{A11D69F1-A009-4C41-A19B-BDB621FAD972}.Debug|Any CPU.Build.0 = Debug|Any CPU
		{A11D69F1-A009-4C41-A19B-BDB621FAD972}.Release|Any CPU.ActiveCfg = Release|Any CPU
		{A11D69F1-A009-4C41-A19B-BDB621FAD972}.Release|Any CPU.Build.0 = Release|Any CPU
		{FDC60D0F-9EAF-4B98-A98E-7937CBA15667}.Debug|Any CPU.ActiveCfg = Debug|Any CPU
		{FDC60D0F-9EAF-4B98-A98E-7937CBA15667}.Debug|Any CPU.Build.0 = Debug|Any CPU
		{FDC60D0F-9EAF-4B98-A98E-7937CBA15667}.Release|Any CPU.ActiveCfg = Release|Any CPU
		{FDC60D0F-9EAF-4B98-A98E-7937CBA15667}.Release|Any CPU.Build.0 = Release|Any CPU
		{4960DFBB-3B05-4789-A5B9-BD75B2C06979}.Debug|Any CPU.ActiveCfg = Debug|Any CPU
		{4960DFBB-3B05-4789-A5B9-BD75B2C06979}.Debug|Any CPU.Build.0 = Debug|Any CPU
		{4960DFBB-3B05-4789-A5B9-BD75B2C06979}.Release|Any CPU.ActiveCfg = Release|Any CPU
		{4960DFBB-3B05-4789-A5B9-BD75B2C06979}.Release|Any CPU.Build.0 = Release|Any CPU
	EndGlobalSection
	GlobalSection(SolutionProperties) = preSolution
		HideSolutionNode = FALSE
	EndGlobalSection
	GlobalSection(ExtensibilityGlobals) = postSolution
		SolutionGuid = {FD8FC56C-81B5-4BC2-9116-C7D5501C669B}
	EndGlobalSection
EndGlobal
